
Microsoft Visual Studio Solution File, Format Version 12.00
# Visual Studio Version 16
VisualStudioVersion = 16.0.31129.286
MinimumVisualStudioVersion = 10.0.40219.1
Project("{FAE04EC0-301F-11D3-BF4B-00C04F79EFBC}") = "TheCafeMod", "TheCafeMod\TheCafeMod\TheCafeMod.csproj", "{481E3021-9A93-4C64-B7A8-8C2FA5330C88}"
EndProject
Global
	GlobalSection(SolutionConfigurationPlatforms) = preSolution
		Debug|Any CPU = Debug|Any CPU
		Release|Any CPU = Release|Any CPU
	EndGlobalSection
	GlobalSection(ProjectConfigurationPlatforms) = postSolution
		{481E3021-9A93-4C64-B7A8-8C2FA5330C88}.Debug|Any CPU.ActiveCfg = Debug|Any CPU
		{481E3021-9A93-4C64-B7A8-8C2FA5330C88}.Debug|Any CPU.Build.0 = Debug|Any CPU
		{481E3021-9A93-4C64-B7A8-8C2FA5330C88}.Release|Any CPU.ActiveCfg = Release|Any CPU
		{481E3021-9A93-4C64-B7A8-8C2FA5330C88}.Release|Any CPU.Build.0 = Release|Any CPU
	EndGlobalSection
	GlobalSection(SolutionProperties) = preSolution
		HideSolutionNode = FALSE
	EndGlobalSection
	GlobalSection(ExtensibilityGlobals) = postSolution
		SolutionGuid = {7D4D3865-35D9-4122-93B0-FB78534C9803}
	EndGlobalSection
EndGlobal
